{
  "name": "censor",
  "version": "1.0.0",
  "lockfileVersion": 2,
  "requires": true,
  "packages": {
    "": {
      "name": "censor",
      "version": "1.0.0",
      "license": "ISC",
      "dependencies": {
        "latinize": "^0.5.0"
      }
    },
    "node_modules/latinize": {
      "version": "0.5.0",
      "resolved": "https://registry.npmjs.org/latinize/-/latinize-0.5.0.tgz",
      "integrity": "sha512-SHzxgdcFP/64lUEfX3183QALY2KdSQxad3gmhCc/b03QN1mbx0AnJWvsQjqoJLbucY9pJuK+NMbnasUIocDmnQ=="
    }
  },
  "dependencies": {
    "latinize": {
      "version": "0.5.0",
      "resolved": "https://registry.npmjs.org/latinize/-/latinize-0.5.0.tgz",
      "integrity": "sha512-SHzxgdcFP/64lUEfX3183QALY2KdSQxad3gmhCc/b03QN1mbx0AnJWvsQjqoJLbucY9pJuK+NMbnasUIocDmnQ=="
    }
  }
}
